
Microsoft Visual Studio Solution File, Format Version 12.00
# Visual Studio Version 17
VisualStudioVersion = 17.11.35219.272
MinimumVisualStudioVersion = 10.0.40219.1
Project("{FAE04EC0-301F-11D3-BF4B-00C04F79EFBC}") = "mis561-assignment3", "mis561-assignment3\mis561-assignment3.csproj", "{9E7766CA-4464-43F4-BBB3-B7BA80C77FD8}"
EndProject
Global
	GlobalSection(SolutionConfigurationPlatforms) = preSolution
		Debug|Any CPU = Debug|Any CPU
		Release|Any CPU = Release|Any CPU
	EndGlobalSection
	GlobalSection(ProjectConfigurationPlatforms) = postSolution
		{9E7766CA-4464-43F4-BBB3-B7BA80C77FD8}.Debug|Any CPU.ActiveCfg = Debug|Any CPU
		{9E7766CA-4464-43F4-BBB3-B7BA80C77FD8}.Debug|Any CPU.Build.0 = Debug|Any CPU
		{9E7766CA-4464-43F4-BBB3-B7BA80C77FD8}.Release|Any CPU.ActiveCfg = Release|Any CPU
		{9E7766CA-4464-43F4-BBB3-B7BA80C77FD8}.Release|Any CPU.Build.0 = Release|Any CPU
	EndGlobalSection
	GlobalSection(SolutionProperties) = preSolution
		HideSolutionNode = FALSE
	EndGlobalSection
	GlobalSection(ExtensibilityGlobals) = postSolution
		SolutionGuid = {0D03734A-1F7A-4207-8D3B-F3818D56C3FE}
	EndGlobalSection
EndGlobal
